
Microsoft Visual Studio Solution File, Format Version 12.00
Project("{FAE04EC0-301F-11D3-BF4B-00C04F79EFBC}") = "Client.Infrastructure", "Client.Infrastructure\Client.Infrastructure.csproj", "{E015696A-5ECA-4940-B91F-1E0048C7F6EF}"
EndProject
Project("{FAE04EC0-301F-11D3-BF4B-00C04F79EFBC}") = "Client.Presentation", "Client.Presentation\Client.Presentation.csproj", "{C84936DA-1B8B-47E4-87EF-A72B26F338F9}"
EndProject
Project("{FAE04EC0-301F-11D3-BF4B-00C04F79EFBC}") = "Client.Model", "Client.Model\Client.Model.csproj", "{F2472F8B-76F5-4746-8DE0-82F878D8CC8C}"
EndProject
Project("{FAE04EC0-301F-11D3-BF4B-00C04F79EFBC}") = "Wheater.Commons", "..\Wheater.Commons\Wheater.Commons\Wheater.Commons.csproj", "{29BD4B35-79BF-4EDA-851B-5E667421E283}"
EndProject
Global
	GlobalSection(SolutionConfigurationPlatforms) = preSolution
		Debug|Any CPU = Debug|Any CPU
		Release|Any CPU = Release|Any CPU
	EndGlobalSection
	GlobalSection(ProjectConfigurationPlatforms) = postSolution
		{E015696A-5ECA-4940-B91F-1E0048C7F6EF}.Debug|Any CPU.ActiveCfg = Debug|Any CPU
		{E015696A-5ECA-4940-B91F-1E0048C7F6EF}.Debug|Any CPU.Build.0 = Debug|Any CPU
		{E015696A-5ECA-4940-B91F-1E0048C7F6EF}.Release|Any CPU.ActiveCfg = Release|Any CPU
		{E015696A-5ECA-4940-B91F-1E0048C7F6EF}.Release|Any CPU.Build.0 = Release|Any CPU
		{C84936DA-1B8B-47E4-87EF-A72B26F338F9}.Debug|Any CPU.ActiveCfg = Debug|Any CPU
		{C84936DA-1B8B-47E4-87EF-A72B26F338F9}.Debug|Any CPU.Build.0 = Debug|Any CPU
		{C84936DA-1B8B-47E4-87EF-A72B26F338F9}.Release|Any CPU.ActiveCfg = Release|Any CPU
		{C84936DA-1B8B-47E4-87EF-A72B26F338F9}.Release|Any CPU.Build.0 = Release|Any CPU
		{F2472F8B-76F5-4746-8DE0-82F878D8CC8C}.Debug|Any CPU.ActiveCfg = Debug|Any CPU
		{F2472F8B-76F5-4746-8DE0-82F878D8CC8C}.Debug|Any CPU.Build.0 = Debug|Any CPU
		{F2472F8B-76F5-4746-8DE0-82F878D8CC8C}.Release|Any CPU.ActiveCfg = Release|Any CPU
		{F2472F8B-76F5-4746-8DE0-82F878D8CC8C}.Release|Any CPU.Build.0 = Release|Any CPU
		{29BD4B35-79BF-4EDA-851B-5E667421E283}.Debug|Any CPU.ActiveCfg = Debug|Any CPU
		{29BD4B35-79BF-4EDA-851B-5E667421E283}.Debug|Any CPU.Build.0 = Debug|Any CPU
		{29BD4B35-79BF-4EDA-851B-5E667421E283}.Release|Any CPU.ActiveCfg = Release|Any CPU
		{29BD4B35-79BF-4EDA-851B-5E667421E283}.Release|Any CPU.Build.0 = Release|Any CPU
	EndGlobalSection
EndGlobal
